
Microsoft Visual Studio Solution File, Format Version 12.00
# Visual Studio Version 16
VisualStudioVersion = 16.0.28803.156
MinimumVisualStudioVersion = 10.0.40219.1
Project("{FAE04EC0-301F-11D3-BF4B-00C04F79EFBC}") = "WindEnergy", "WindEnergy.csproj", "{33694810-DD06-493D-A832-BEC530AB4EE2}"
EndProject
Global
	GlobalSection(SolutionConfigurationPlatforms) = preSolution
		Debug|Any CPU = Debug|Any CPU
		Release|Any CPU = Release|Any CPU
	EndGlobalSection
	GlobalSection(ProjectConfigurationPlatforms) = postSolution
		{33694810-DD06-493D-A832-BEC530AB4EE2}.Debug|Any CPU.ActiveCfg = Debug|Any CPU
		{33694810-DD06-493D-A832-BEC530AB4EE2}.Debug|Any CPU.Build.0 = Debug|Any CPU
		{33694810-DD06-493D-A832-BEC530AB4EE2}.Release|Any CPU.ActiveCfg = Release|Any CPU
		{33694810-DD06-493D-A832-BEC530AB4EE2}.Release|Any CPU.Build.0 = Release|Any CPU
	EndGlobalSection
	GlobalSection(SolutionProperties) = preSolution
		HideSolutionNode = FALSE
	EndGlobalSection
	GlobalSection(ExtensibilityGlobals) = postSolution
		SolutionGuid = {012CAB26-D81D-4D7E-B8AC-E385048F9069}
	EndGlobalSection
EndGlobal
